
Microsoft Visual Studio Solution File, Format Version 12.00
# Visual Studio Version 16
VisualStudioVersion = 16.0.30114.105
MinimumVisualStudioVersion = 15.0.26124.0
Project("{2150E333-8FDC-42A3-9474-1A3956D46DE8}") = "Configuration", "Configuration", "{727F9D8A-F4A1-4955-9117-EF4D7AA2D22B}"
	ProjectSection(SolutionItems) = preProject
		.editorconfig = .editorconfig
		Directory.Build.props = Directory.Build.props
		Directory.Build.targets = Directory.Build.targets
		dotnet.ruleset = dotnet.ruleset
		gulpfile.js = gulpfile.js
		stylecop.json = stylecop.json
	EndProjectSection
EndProject
Project("{2150E333-8FDC-42A3-9474-1A3956D46DE8}") = "src", "src", "{F1C9A5A2-C4CD-43F6-A700-C0F2E28856FE}"
EndProject
Project("{2150E333-8FDC-42A3-9474-1A3956D46DE8}") = "tests", "tests", "{301822FC-77E9-4C28-A308-2B9E4CB0C13D}"
EndProject
Project("{9A19103F-16F7-4668-BE54-9A1E7A4F7556}") = "Notes.Persistence", "src\Notes.Persistence\Notes.Persistence.csproj", "{3B7AE216-332A-41A4-8334-A85819140F82}"
EndProject
Project("{FAE04EC0-301F-11D3-BF4B-00C04F79EFBC}") = "Notes.Web", "src\Notes.Web\Notes.Web.csproj", "{FF386B2E-1534-48C8-895E-CD3E769C9DA4}"
EndProject
Project("{FAE04EC0-301F-11D3-BF4B-00C04F79EFBC}") = "Notes.WebModels", "src\Notes.WebModels\Notes.WebModels.csproj", "{FB014AA6-89CE-47BF-B560-AEEB041A3033}"
EndProject
Global
	GlobalSection(SolutionConfigurationPlatforms) = preSolution
		Debug|Any CPU = Debug|Any CPU
		Debug|x64 = Debug|x64
		Debug|x86 = Debug|x86
		Release|Any CPU = Release|Any CPU
		Release|x64 = Release|x64
		Release|x86 = Release|x86
	EndGlobalSection
	GlobalSection(ProjectConfigurationPlatforms) = postSolution
		{3B7AE216-332A-41A4-8334-A85819140F82}.Debug|Any CPU.ActiveCfg = Debug|Any CPU
		{3B7AE216-332A-41A4-8334-A85819140F82}.Debug|Any CPU.Build.0 = Debug|Any CPU
		{3B7AE216-332A-41A4-8334-A85819140F82}.Debug|x64.ActiveCfg = Debug|Any CPU
		{3B7AE216-332A-41A4-8334-A85819140F82}.Debug|x64.Build.0 = Debug|Any CPU
		{3B7AE216-332A-41A4-8334-A85819140F82}.Debug|x86.ActiveCfg = Debug|Any CPU
		{3B7AE216-332A-41A4-8334-A85819140F82}.Debug|x86.Build.0 = Debug|Any CPU
		{3B7AE216-332A-41A4-8334-A85819140F82}.Release|Any CPU.ActiveCfg = Release|Any CPU
		{3B7AE216-332A-41A4-8334-A85819140F82}.Release|Any CPU.Build.0 = Release|Any CPU
		{3B7AE216-332A-41A4-8334-A85819140F82}.Release|x64.ActiveCfg = Release|Any CPU
		{3B7AE216-332A-41A4-8334-A85819140F82}.Release|x64.Build.0 = Release|Any CPU
		{3B7AE216-332A-41A4-8334-A85819140F82}.Release|x86.ActiveCfg = Release|Any CPU
		{3B7AE216-332A-41A4-8334-A85819140F82}.Release|x86.Build.0 = Release|Any CPU
		{FF386B2E-1534-48C8-895E-CD3E769C9DA4}.Debug|Any CPU.ActiveCfg = Debug|Any CPU
		{FF386B2E-1534-48C8-895E-CD3E769C9DA4}.Debug|Any CPU.Build.0 = Debug|Any CPU
		{FF386B2E-1534-48C8-895E-CD3E769C9DA4}.Debug|x64.ActiveCfg = Debug|Any CPU
		{FF386B2E-1534-48C8-895E-CD3E769C9DA4}.Debug|x64.Build.0 = Debug|Any CPU
		{FF386B2E-1534-48C8-895E-CD3E769C9DA4}.Debug|x86.ActiveCfg = Debug|Any CPU
		{FF386B2E-1534-48C8-895E-CD3E769C9DA4}.Debug|x86.Build.0 = Debug|Any CPU
		{FF386B2E-1534-48C8-895E-CD3E769C9DA4}.Release|Any CPU.ActiveCfg = Release|Any CPU
		{FF386B2E-1534-48C8-895E-CD3E769C9DA4}.Release|Any CPU.Build.0 = Release|Any CPU
		{FF386B2E-1534-48C8-895E-CD3E769C9DA4}.Release|x64.ActiveCfg = Release|Any CPU
		{FF386B2E-1534-48C8-895E-CD3E769C9DA4}.Release|x64.Build.0 = Release|Any CPU
		{FF386B2E-1534-48C8-895E-CD3E769C9DA4}.Release|x86.ActiveCfg = Release|Any CPU
		{FF386B2E-1534-48C8-895E-CD3E769C9DA4}.Release|x86.Build.0 = Release|Any CPU
		{FB014AA6-89CE-47BF-B560-AEEB041A3033}.Debug|Any CPU.ActiveCfg = Debug|Any CPU
		{FB014AA6-89CE-47BF-B560-AEEB041A3033}.Debug|Any CPU.Build.0 = Debug|Any CPU
		{FB014AA6-89CE-47BF-B560-AEEB041A3033}.Debug|x64.ActiveCfg = Debug|Any CPU
		{FB014AA6-89CE-47BF-B560-AEEB041A3033}.Debug|x64.Build.0 = Debug|Any CPU
		{FB014AA6-89CE-47BF-B560-AEEB041A3033}.Debug|x86.ActiveCfg = Debug|Any CPU
		{FB014AA6-89CE-47BF-B560-AEEB041A3033}.Debug|x86.Build.0 = Debug|Any CPU
		{FB014AA6-89CE-47BF-B560-AEEB041A3033}.Release|Any CPU.ActiveCfg = Release|Any CPU
		{FB014AA6-89CE-47BF-B560-AEEB041A3033}.Release|Any CPU.Build.0 = Release|Any CPU
		{FB014AA6-89CE-47BF-B560-AEEB041A3033}.Release|x64.ActiveCfg = Release|Any CPU
		{FB014AA6-89CE-47BF-B560-AEEB041A3033}.Release|x64.Build.0 = Release|Any CPU
		{FB014AA6-89CE-47BF-B560-AEEB041A3033}.Release|x86.ActiveCfg = Release|Any CPU
		{FB014AA6-89CE-47BF-B560-AEEB041A3033}.Release|x86.Build.0 = Release|Any CPU
	EndGlobalSection
	GlobalSection(SolutionProperties) = preSolution
		HideSolutionNode = FALSE
	EndGlobalSection
	GlobalSection(NestedProjects) = preSolution
		{3B7AE216-332A-41A4-8334-A85819140F82} = {F1C9A5A2-C4CD-43F6-A700-C0F2E28856FE}
		{FF386B2E-1534-48C8-895E-CD3E769C9DA4} = {F1C9A5A2-C4CD-43F6-A700-C0F2E28856FE}
		{FB014AA6-89CE-47BF-B560-AEEB041A3033} = {F1C9A5A2-C4CD-43F6-A700-C0F2E28856FE}
	EndGlobalSection
	GlobalSection(ExtensibilityGlobals) = postSolution
		SolutionGuid = {5064EE4D-2489-4900-9B59-EA7DB0C97B68}
	EndGlobalSection
EndGlobal
