{
  "version": 1,
  "dependencies": {
    ".NETCoreApp,Version=v3.1": {
      "Microsoft.AspNetCore.Mvc.Razor.RuntimeCompilation": {
        "type": "Direct",
        "requested": "[3.1.4, )",
        "resolved": "3.1.4",
        "contentHash": "EfuISKhucKGFEjOjft0u/E8zfF9pj7u1RLQmn5YEc0OYOui8UfetEB9yoNl2kfbEzScLiSkacvRDHWz7Ke+lfw==",
        "dependencies": {
          "Microsoft.AspNetCore.Mvc.Razor.Extensions": "3.1.4",
          "Microsoft.CodeAnalysis.Razor": "3.1.4",
          "Microsoft.Extensions.DependencyModel": "3.1.4"
        }
      },
      "Microsoft.CodeAnalysis.FxCopAnalyzers": {
        "type": "Direct",
        "requested": "[3.0.0, )",
        "resolved": "3.0.0",
        "contentHash": "ea8bbNa4fzS/s55AUCAvYjb6Y3lFysFVfEwt9zIwR/NeFpOcUluIleOXSUPAyUtwBFugn01aWvNfMVmIwnvgqQ==",
        "dependencies": {
          "Microsoft.CodeAnalysis.VersionCheckAnalyzer": "[3.0.0]",
          "Microsoft.CodeQuality.Analyzers": "[3.0.0]",
          "Microsoft.NetCore.Analyzers": "[3.0.0]",
          "Microsoft.NetFramework.Analyzers": "[3.0.0]"
        }
      },
      "Microsoft.VisualStudio.Azure.Containers.Tools.Targets": {
        "type": "Direct",
        "requested": "[1.10.9, )",
        "resolved": "1.10.9",
        "contentHash": "Sug+YeP9YYigFnUdvPCUJjBz7cc2VVR7UBZkIRwPWmVR/HmIM5HbcpX940s4BM3xgL3QHGp3qN7AqkcZ/MjZEw=="
      },
      "SerilogAnalyzer": {
        "type": "Direct",
        "requested": "[0.15.0, )",
        "resolved": "0.15.0",
        "contentHash": "sVpwfls4MfNnwIXLSGCgaUnV+c9kgJ8ia6GsyRcpd4Vs3gLogSDtSYBYrre2K2u/PNMo8GgG09RehwVnze70Tw=="
      },
      "SmartAnalyzers.ExceptionAnalyzer": {
        "type": "Direct",
        "requested": "[1.0.10, )",
        "resolved": "1.0.10",
        "contentHash": "vK2QCxSPUDXvxvgf60qqnHzpsNvW4D5yJpOyTKQbr8odSPw4M1GmDIUJuILfQo/QJb/FAE2Zzebr9pNpmbjxdw=="
      },
      "SmartAnalyzers.MultithreadingAnalyzer": {
        "type": "Direct",
        "requested": "[1.1.31, )",
        "resolved": "1.1.31",
        "contentHash": "2f2k7bbhDd132ArglCKpzKoWBcp3uzbIFcb4aosnlqIKlfYKDE2HevBVRNVa+LkWFnjXFFWs47Bo96fu8iS//Q=="
      },
      "StyleCop.Analyzers": {
        "type": "Direct",
        "requested": "[1.1.118, )",
        "resolved": "1.1.118",
        "contentHash": "Onx6ovGSqXSK07n/0eM3ZusiNdB6cIlJdabQhWGgJp3Vooy9AaLS/tigeybOJAobqbtggTamoWndz72JscZBvw=="
      },
      "Microsoft.AspNetCore.Mvc.Razor.Extensions": {
        "type": "Transitive",
        "resolved": "3.1.4",
        "contentHash": "38oY4e4aVj/wqxlHZzzFStmI5/w2woNGeK8JEtkxqHU/urYN6KIvyGNcwAJ0Geja7lrak/eLxhCSh16BiP+xJg==",
        "dependencies": {
          "Microsoft.AspNetCore.Razor.Language": "3.1.4",
          "Microsoft.CodeAnalysis.Razor": "3.1.4"
        }
      },
      "Microsoft.AspNetCore.Razor.Language": {
        "type": "Transitive",
        "resolved": "3.1.4",
        "contentHash": "53wQARVnwky7EkXQLDdkyb9eKtUAqRDfmAyYOIvWBnuXKWBwf74bGB/0nR5EEfnuSJUQXotdfSS6FvJoEBrWlg=="
      },
      "Microsoft.CodeAnalysis.Analyzers": {
        "type": "Transitive",
        "resolved": "2.9.3",
        "contentHash": "cDKEoHdg3icjLrn9EJ4KIkJG+ahU1YouhB0J8EARhj6fTqA/3oUneak0hWbToLOBLOTePu/Oc1QEA4mwmMEYVA=="
      },
      "Microsoft.CodeAnalysis.Common": {
        "type": "Transitive",
        "resolved": "3.3.0",
        "contentHash": "hK0BGWD2ZlTCZ/KD84LQrD95lwJuRg8++uVGeiLq+klmcsNf3g7j/QvXowZX5Wi+oL9egCFxI7d3A4GtpQAl0A==",
        "dependencies": {
          "Microsoft.CodeAnalysis.Analyzers": "2.9.3",
          "System.Collections.Immutable": "1.5.0",
          "System.Memory": "4.5.3",
          "System.Reflection.Metadata": "1.6.0",
          "System.Runtime.CompilerServices.Unsafe": "4.5.2",
          "System.Text.Encoding.CodePages": "4.5.1",
          "System.Threading.Tasks.Extensions": "4.5.3"
        }
      },
      "Microsoft.CodeAnalysis.CSharp": {
        "type": "Transitive",
        "resolved": "3.3.0",
        "contentHash": "C0acBZTXLgi72UpV+E2zT+joclyPxNQ+zuHnvE0bS6hJA4i7kBBdW7qaLEwVP6a9MrrtL869StzvXqMc/0PvTg==",
        "dependencies": {
          "Microsoft.CodeAnalysis.Common": "[3.3.0]"
        }
      },
      "Microsoft.CodeAnalysis.Razor": {
        "type": "Transitive",
        "resolved": "3.1.4",
        "contentHash": "qv2+aadev8RM6wOUS77QdOIn55Nz7sF0oAIiXaEO1YInR+alyUe5IiSQQK3GQS9pglFJKIM5xfO3gtFj1t8gOA==",
        "dependencies": {
          "Microsoft.AspNetCore.Razor.Language": "3.1.4",
          "Microsoft.CodeAnalysis.CSharp": "3.3.0",
          "Microsoft.CodeAnalysis.Common": "3.3.0"
        }
      },
      "Microsoft.CodeAnalysis.VersionCheckAnalyzer": {
        "type": "Transitive",
        "resolved": "3.0.0",
        "contentHash": "RL9OdvWLhtQXcvxK2EPbXM9LandLcDG14Ndz5baVH2aiyvEB11VrHfrzLNoEE5B2/zhRGqN+BHsBg21f75wG9g=="
      },
      "Microsoft.CodeQuality.Analyzers": {
        "type": "Transitive",
        "resolved": "3.0.0",
        "contentHash": "pOROTgdPa+15sYfEMvDlWlDEedCO1SuRLrRjX36Ltli3SmhZawC2Vgws4crz1XMs9WRzBo8WIJM5WRzGNsOSmQ=="
      },
      "Microsoft.Extensions.DependencyModel": {
        "type": "Transitive",
        "resolved": "3.1.4",
        "contentHash": "X6R8tuo45siW+VJCmIOLcPEExS9x+eKssk8YFKZUKjKmAKoCT+oG4eTV1HVRU4hG4KLYvTCgY8BQotNxRF474w==",
        "dependencies": {
          "System.Text.Json": "4.7.2"
        }
      },
      "Microsoft.NetCore.Analyzers": {
        "type": "Transitive",
        "resolved": "3.0.0",
        "contentHash": "JdjhkobYjmQAu4JpsEALDAr7xig2pzXMsXGilHJ2gvmUaUSBjYObw53CBaIkRXmPu0DaDPN8ze9LCtsRd1R8UA=="
      },
      "Microsoft.NETCore.Platforms": {
        "type": "Transitive",
        "resolved": "2.1.2",
        "contentHash": "mOJy3M0UN+LUG21dLGMxaWZEP6xYpQEpLuvuEQBaownaX4YuhH6NmNUlN9si+vNkAS6dwJ//N1O4DmLf2CikVg=="
      },
      "Microsoft.NetFramework.Analyzers": {
        "type": "Transitive",
        "resolved": "3.0.0",
        "contentHash": "Q0sB3JYld9JMa9/HKtioIxhqmOohEku1FkfSC/uf0usGcCIhm6GYWU565klP64jC2kzmjFIu/6fkHEIYRqZCQQ=="
      },
      "System.Collections.Immutable": {
        "type": "Transitive",
        "resolved": "1.5.0",
        "contentHash": "EXKiDFsChZW0RjrZ4FYHu9aW6+P4MCgEDCklsVseRfhoO0F+dXeMSsMRAlVXIo06kGJ/zv+2w1a2uc2+kxxSaQ=="
      },
      "System.Memory": {
        "type": "Transitive",
        "resolved": "4.5.3",
        "contentHash": "3oDzvc/zzetpTKWMShs1AADwZjQ/36HnsufHRPcOjyRAAMLDlu2iD33MBI2opxnezcVUtXyqDXXjoFMOU9c7SA=="
      },
      "System.Reflection.Metadata": {
        "type": "Transitive",
        "resolved": "1.6.0",
        "contentHash": "COC1aiAJjCoA5GBF+QKL2uLqEBew4JsCkQmoHKbN3TlOZKa2fKLz5CpiRQKDz0RsAOEGsVKqOD5bomsXq/4STQ=="
      },
      "System.Runtime.CompilerServices.Unsafe": {
        "type": "Transitive",
        "resolved": "4.5.2",
        "contentHash": "wprSFgext8cwqymChhrBLu62LMg/1u92bU+VOwyfBimSPVFXtsNqEWC92Pf9ofzJFlk4IHmJA75EDJn1b2goAQ=="
      },
      "System.Text.Encoding.CodePages": {
        "type": "Transitive",
        "resolved": "4.5.1",
        "contentHash": "4J2JQXbftjPMppIHJ7IC+VXQ9XfEagN92vZZNoG12i+zReYlim5dMoXFC1Zzg7tsnKDM7JPo5bYfFK4Jheq44w==",
        "dependencies": {
          "Microsoft.NETCore.Platforms": "2.1.2",
          "System.Runtime.CompilerServices.Unsafe": "4.5.2"
        }
      },
      "System.Text.Json": {
        "type": "Transitive",
        "resolved": "4.7.2",
        "contentHash": "TcMd95wcrubm9nHvJEQs70rC0H/8omiSGGpU4FQ/ZA1URIqD4pjmFJh2Mfv1yH1eHgJDWTi2hMDXwTET+zOOyg=="
      },
      "System.Threading.Tasks.Extensions": {
        "type": "Transitive",
        "resolved": "4.5.3",
        "contentHash": "+MvhNtcvIbqmhANyKu91jQnvIRVSTiaOiFNfKWwXGHG48YAb4I/TyH8spsySiPYla7gKal5ZnF3teJqZAximyQ=="
      }
    }
  }
}